# THIS IS AN AUTOGENERATED FILE. DO NOT EDIT THIS FILE DIRECTLY.
# yarn lockfile v1


react-hook-form@^6.13.1:
  version "6.13.1"
  resolved "https://registry.yarnpkg.com/react-hook-form/-/react-hook-form-6.13.1.tgz#b9c0aa61f746db8169ed5e1050de21cacb1947d6"
  integrity sha512-Q0N7MYcbA8SigYufb02h9z97ZKCpIbe62rywOTPsK4Ntvh6fRTGDXSuzWuRhLHhArLoWbGrWYSNSS4tlb+OFXg==
